{
  "version": "v1",
  "packages": {
    "@bigbyte/utils": {
      "signature": "6d1ddef4e825bcee39e08c21bc2fef02",
      "file": true
    },
    "@bigbyte/ioc": {
      "signature": "368dce0d4624a7eb7a4ebb4e6b7b6d32",
      "file": true
    },
    "@bigbyte/events": {
      "signature": "64042ca65bb2e531d86fc7ac829a3902",
      "file": true
    },
    "@bigbyte/classpath": {
      "signature": "01488dcd70be93639a3d630a31a6980c",
      "file": true
    }
  }
}