{
  "version": "v1",
  "packages": {
    "@bigbyte/utils": {
      "signature": "6d1ddef4e825bcee39e08c21bc2fef02",
      "file": true
    },
    "@bigbyte/ioc": {
      "signature": "dae44bd6517101e45867bfc0df4012d6",
      "file": true
    },
    "@bigbyte/events": {
      "signature": "64042ca65bb2e531d86fc7ac829a3902",
      "file": true
    }
  }
}