{
  "version": "v1",
  "packages": {
    "@bigbyte/utils": {
      "signature": "73e615b7f3358b3a47e0ed48a4331c60",
      "file": true
    },
    "@bigbyte/ioc": {
      "signature": "dae44bd6517101e45867bfc0df4012d6",
      "file": true
    },
    "@bigbyte/events": {
      "signature": "5cf9d0c21331dcaf85087db9ef9c0023",
      "file": true
    }
  }
}